
Microsoft Visual Studio Solution File, Format Version 12.00
# Visual Studio Version 16
VisualStudioVersion = 16.0.31019.35
MinimumVisualStudioVersion = 10.0.40219.1
Project("{FAE04EC0-301F-11D3-BF4B-00C04F79EFBC}") = "XF_FAM.UWP", "XF_FAM.UWP\XF_FAM.UWP.csproj", "{80F06FA9-8828-4156-83CE-4A55005E1F6A}"
EndProject
Project("{FAE04EC0-301F-11D3-BF4B-00C04F79EFBC}") = "XF_FAM.Android", "XF_FAM.Android\XF_FAM.Android.csproj", "{93366449-8EC6-4531-A230-56F0B6CF5BD4}"
EndProject
Project("{FAE04EC0-301F-11D3-BF4B-00C04F79EFBC}") = "XF_FAM.iOS", "XF_FAM.iOS\XF_FAM.iOS.csproj", "{810E407E-D078-4ECF-A7B5-F50BAAB6E973}"
EndProject
Project("{FAE04EC0-301F-11D3-BF4B-00C04F79EFBC}") = "XF_FAM", "XF_FAM\XF_FAM.csproj", "{F158B948-E3AC-4742-B4F6-B6B5081B7B6F}"
EndProject
Global
	GlobalSection(SolutionConfigurationPlatforms) = preSolution
		Debug|Any CPU = Debug|Any CPU
		Debug|ARM = Debug|ARM
		Debug|iPhone = Debug|iPhone
		Debug|iPhoneSimulator = Debug|iPhoneSimulator
		Debug|x64 = Debug|x64
		Debug|x86 = Debug|x86
		Release|Any CPU = Release|Any CPU
		Release|ARM = Release|ARM
		Release|iPhone = Release|iPhone
		Release|iPhoneSimulator = Release|iPhoneSimulator
		Release|x64 = Release|x64
		Release|x86 = Release|x86
	EndGlobalSection
	GlobalSection(ProjectConfigurationPlatforms) = postSolution
		{80F06FA9-8828-4156-83CE-4A55005E1F6A}.Debug|Any CPU.ActiveCfg = Debug|x86
		{80F06FA9-8828-4156-83CE-4A55005E1F6A}.Debug|Any CPU.Build.0 = Debug|x86
		{80F06FA9-8828-4156-83CE-4A55005E1F6A}.Debug|Any CPU.Deploy.0 = Debug|x86
		{80F06FA9-8828-4156-83CE-4A55005E1F6A}.Debug|ARM.ActiveCfg = Debug|ARM
		{80F06FA9-8828-4156-83CE-4A55005E1F6A}.Debug|ARM.Build.0 = Debug|ARM
		{80F06FA9-8828-4156-83CE-4A55005E1F6A}.Debug|ARM.Deploy.0 = Debug|ARM
		{80F06FA9-8828-4156-83CE-4A55005E1F6A}.Debug|iPhone.ActiveCfg = Debug|x86
		{80F06FA9-8828-4156-83CE-4A55005E1F6A}.Debug|iPhone.Build.0 = Debug|x86
		{80F06FA9-8828-4156-83CE-4A55005E1F6A}.Debug|iPhone.Deploy.0 = Debug|x86
		{80F06FA9-8828-4156-83CE-4A55005E1F6A}.Debug|iPhoneSimulator.ActiveCfg = Debug|x86
		{80F06FA9-8828-4156-83CE-4A55005E1F6A}.Debug|iPhoneSimulator.Build.0 = Debug|x86
		{80F06FA9-8828-4156-83CE-4A55005E1F6A}.Debug|iPhoneSimulator.Deploy.0 = Debug|x86
		{80F06FA9-8828-4156-83CE-4A55005E1F6A}.Debug|x64.ActiveCfg = Debug|x64
		{80F06FA9-8828-4156-83CE-4A55005E1F6A}.Debug|x64.Build.0 = Debug|x64
		{80F06FA9-8828-4156-83CE-4A55005E1F6A}.Debug|x64.Deploy.0 = Debug|x64
		{80F06FA9-8828-4156-83CE-4A55005E1F6A}.Debug|x86.ActiveCfg = Debug|x86
		{80F06FA9-8828-4156-83CE-4A55005E1F6A}.Debug|x86.Build.0 = Debug|x86
		{80F06FA9-8828-4156-83CE-4A55005E1F6A}.Debug|x86.Deploy.0 = Debug|x86
		{80F06FA9-8828-4156-83CE-4A55005E1F6A}.Release|Any CPU.ActiveCfg = Release|x86
		{80F06FA9-8828-4156-83CE-4A55005E1F6A}.Release|Any CPU.Build.0 = Release|x86
		{80F06FA9-8828-4156-83CE-4A55005E1F6A}.Release|Any CPU.Deploy.0 = Release|x86
		{80F06FA9-8828-4156-83CE-4A55005E1F6A}.Release|ARM.ActiveCfg = Release|ARM
		{80F06FA9-8828-4156-83CE-4A55005E1F6A}.Release|ARM.Build.0 = Release|ARM
		{80F06FA9-8828-4156-83CE-4A55005E1F6A}.Release|ARM.Deploy.0 = Release|ARM
		{80F06FA9-8828-4156-83CE-4A55005E1F6A}.Release|iPhone.ActiveCfg = Release|x86
		{80F06FA9-8828-4156-83CE-4A55005E1F6A}.Release|iPhone.Build.0 = Release|x86
		{80F06FA9-8828-4156-83CE-4A55005E1F6A}.Release|iPhone.Deploy.0 = Release|x86
		{80F06FA9-8828-4156-83CE-4A55005E1F6A}.Release|iPhoneSimulator.ActiveCfg = Release|x86
		{80F06FA9-8828-4156-83CE-4A55005E1F6A}.Release|iPhoneSimulator.Build.0 = Release|x86
		{80F06FA9-8828-4156-83CE-4A55005E1F6A}.Release|iPhoneSimulator.Deploy.0 = Release|x86
		{80F06FA9-8828-4156-83CE-4A55005E1F6A}.Release|x64.ActiveCfg = Release|x64
		{80F06FA9-8828-4156-83CE-4A55005E1F6A}.Release|x64.Build.0 = Release|x64
		{80F06FA9-8828-4156-83CE-4A55005E1F6A}.Release|x64.Deploy.0 = Release|x64
		{80F06FA9-8828-4156-83CE-4A55005E1F6A}.Release|x86.ActiveCfg = Release|x86
		{80F06FA9-8828-4156-83CE-4A55005E1F6A}.Release|x86.Build.0 = Release|x86
		{80F06FA9-8828-4156-83CE-4A55005E1F6A}.Release|x86.Deploy.0 = Release|x86
		{93366449-8EC6-4531-A230-56F0B6CF5BD4}.Debug|Any CPU.ActiveCfg = Debug|Any CPU
		{93366449-8EC6-4531-A230-56F0B6CF5BD4}.Debug|Any CPU.Build.0 = Debug|Any CPU
		{93366449-8EC6-4531-A230-56F0B6CF5BD4}.Debug|Any CPU.Deploy.0 = Debug|Any CPU
		{93366449-8EC6-4531-A230-56F0B6CF5BD4}.Debug|ARM.ActiveCfg = Debug|Any CPU
		{93366449-8EC6-4531-A230-56F0B6CF5BD4}.Debug|ARM.Build.0 = Debug|Any CPU
		{93366449-8EC6-4531-A230-56F0B6CF5BD4}.Debug|ARM.Deploy.0 = Debug|Any CPU
		{93366449-8EC6-4531-A230-56F0B6CF5BD4}.Debug|iPhone.ActiveCfg = Debug|Any CPU
		{93366449-8EC6-4531-A230-56F0B6CF5BD4}.Debug|iPhone.Build.0 = Debug|Any CPU
		{93366449-8EC6-4531-A230-56F0B6CF5BD4}.Debug|iPhone.Deploy.0 = Debug|Any CPU
		{93366449-8EC6-4531-A230-56F0B6CF5BD4}.Debug|iPhoneSimulator.ActiveCfg = Debug|Any CPU
		{93366449-8EC6-4531-A230-56F0B6CF5BD4}.Debug|iPhoneSimulator.Build.0 = Debug|Any CPU
		{93366449-8EC6-4531-A230-56F0B6CF5BD4}.Debug|iPhoneSimulator.Deploy.0 = Debug|Any CPU
		{93366449-8EC6-4531-A230-56F0B6CF5BD4}.Debug|x64.ActiveCfg = Debug|Any CPU
		{93366449-8EC6-4531-A230-56F0B6CF5BD4}.Debug|x64.Build.0 = Debug|Any CPU
		{93366449-8EC6-4531-A230-56F0B6CF5BD4}.Debug|x64.Deploy.0 = Debug|Any CPU
		{93366449-8EC6-4531-A230-56F0B6CF5BD4}.Debug|x86.ActiveCfg = Debug|Any CPU
		{93366449-8EC6-4531-A230-56F0B6CF5BD4}.Debug|x86.Build.0 = Debug|Any CPU
		{93366449-8EC6-4531-A230-56F0B6CF5BD4}.Debug|x86.Deploy.0 = Debug|Any CPU
		{93366449-8EC6-4531-A230-56F0B6CF5BD4}.Release|Any CPU.ActiveCfg = Release|Any CPU
		{93366449-8EC6-4531-A230-56F0B6CF5BD4}.Release|Any CPU.Build.0 = Release|Any CPU
		{93366449-8EC6-4531-A230-56F0B6CF5BD4}.Release|Any CPU.Deploy.0 = Release|Any CPU
		{93366449-8EC6-4531-A230-56F0B6CF5BD4}.Release|ARM.ActiveCfg = Release|Any CPU
		{93366449-8EC6-4531-A230-56F0B6CF5BD4}.Release|ARM.Build.0 = Release|Any CPU
		{93366449-8EC6-4531-A230-56F0B6CF5BD4}.Release|ARM.Deploy.0 = Release|Any CPU
		{93366449-8EC6-4531-A230-56F0B6CF5BD4}.Release|iPhone.ActiveCfg = Release|Any CPU
		{93366449-8EC6-4531-A230-56F0B6CF5BD4}.Release|iPhone.Build.0 = Release|Any CPU
		{93366449-8EC6-4531-A230-56F0B6CF5BD4}.Release|iPhone.Deploy.0 = Release|Any CPU
		{93366449-8EC6-4531-A230-56F0B6CF5BD4}.Release|iPhoneSimulator.ActiveCfg = Release|Any CPU
		{93366449-8EC6-4531-A230-56F0B6CF5BD4}.Release|iPhoneSimulator.Build.0 = Release|Any CPU
		{93366449-8EC6-4531-A230-56F0B6CF5BD4}.Release|iPhoneSimulator.Deploy.0 = Release|Any CPU
		{93366449-8EC6-4531-A230-56F0B6CF5BD4}.Release|x64.ActiveCfg = Release|Any CPU
		{93366449-8EC6-4531-A230-56F0B6CF5BD4}.Release|x64.Build.0 = Release|Any CPU
		{93366449-8EC6-4531-A230-56F0B6CF5BD4}.Release|x64.Deploy.0 = Release|Any CPU
		{93366449-8EC6-4531-A230-56F0B6CF5BD4}.Release|x86.ActiveCfg = Release|Any CPU
		{93366449-8EC6-4531-A230-56F0B6CF5BD4}.Release|x86.Build.0 = Release|Any CPU
		{93366449-8EC6-4531-A230-56F0B6CF5BD4}.Release|x86.Deploy.0 = Release|Any CPU
		{810E407E-D078-4ECF-A7B5-F50BAAB6E973}.Debug|Any CPU.ActiveCfg = Debug|iPhoneSimulator
		{810E407E-D078-4ECF-A7B5-F50BAAB6E973}.Debug|Any CPU.Build.0 = Debug|iPhoneSimulator
		{810E407E-D078-4ECF-A7B5-F50BAAB6E973}.Debug|Any CPU.Deploy.0 = Debug|iPhoneSimulator
		{810E407E-D078-4ECF-A7B5-F50BAAB6E973}.Debug|ARM.ActiveCfg = Debug|iPhone
		{810E407E-D078-4ECF-A7B5-F50BAAB6E973}.Debug|ARM.Build.0 = Debug|iPhone
		{810E407E-D078-4ECF-A7B5-F50BAAB6E973}.Debug|ARM.Deploy.0 = Debug|iPhone
		{810E407E-D078-4ECF-A7B5-F50BAAB6E973}.Debug|iPhone.ActiveCfg = Debug|iPhone
		{810E407E-D078-4ECF-A7B5-F50BAAB6E973}.Debug|iPhone.Build.0 = Debug|iPhone
		{810E407E-D078-4ECF-A7B5-F50BAAB6E973}.Debug|iPhone.Deploy.0 = Debug|iPhone
		{810E407E-D078-4ECF-A7B5-F50BAAB6E973}.Debug|iPhoneSimulator.ActiveCfg = Debug|iPhoneSimulator
		{810E407E-D078-4ECF-A7B5-F50BAAB6E973}.Debug|iPhoneSimulator.Build.0 = Debug|iPhoneSimulator
		{810E407E-D078-4ECF-A7B5-F50BAAB6E973}.Debug|iPhoneSimulator.Deploy.0 = Debug|iPhoneSimulator
		{810E407E-D078-4ECF-A7B5-F50BAAB6E973}.Debug|x64.ActiveCfg = Debug|iPhoneSimulator
		{810E407E-D078-4ECF-A7B5-F50BAAB6E973}.Debug|x64.Build.0 = Debug|iPhoneSimulator
		{810E407E-D078-4ECF-A7B5-F50BAAB6E973}.Debug|x64.Deploy.0 = Debug|iPhoneSimulator
		{810E407E-D078-4ECF-A7B5-F50BAAB6E973}.Debug|x86.ActiveCfg = Debug|iPhoneSimulator
		{810E407E-D078-4ECF-A7B5-F50BAAB6E973}.Debug|x86.Build.0 = Debug|iPhoneSimulator
		{810E407E-D078-4ECF-A7B5-F50BAAB6E973}.Debug|x86.Deploy.0 = Debug|iPhoneSimulator
		{810E407E-D078-4ECF-A7B5-F50BAAB6E973}.Release|Any CPU.ActiveCfg = Release|iPhoneSimulator
		{810E407E-D078-4ECF-A7B5-F50BAAB6E973}.Release|Any CPU.Build.0 = Release|iPhoneSimulator
		{810E407E-D078-4ECF-A7B5-F50BAAB6E973}.Release|Any CPU.Deploy.0 = Release|iPhoneSimulator
		{810E407E-D078-4ECF-A7B5-F50BAAB6E973}.Release|ARM.ActiveCfg = Release|iPhoneSimulator
		{810E407E-D078-4ECF-A7B5-F50BAAB6E973}.Release|ARM.Build.0 = Release|iPhoneSimulator
		{810E407E-D078-4ECF-A7B5-F50BAAB6E973}.Release|ARM.Deploy.0 = Release|iPhoneSimulator
		{810E407E-D078-4ECF-A7B5-F50BAAB6E973}.Release|iPhone.ActiveCfg = Release|iPhone
		{810E407E-D078-4ECF-A7B5-F50BAAB6E973}.Release|iPhone.Build.0 = Release|iPhone
		{810E407E-D078-4ECF-A7B5-F50BAAB6E973}.Release|iPhone.Deploy.0 = Release|iPhone
		{810E407E-D078-4ECF-A7B5-F50BAAB6E973}.Release|iPhoneSimulator.ActiveCfg = Release|iPhoneSimulator
		{810E407E-D078-4ECF-A7B5-F50BAAB6E973}.Release|iPhoneSimulator.Build.0 = Release|iPhoneSimulator
		{810E407E-D078-4ECF-A7B5-F50BAAB6E973}.Release|iPhoneSimulator.Deploy.0 = Release|iPhoneSimulator
		{810E407E-D078-4ECF-A7B5-F50BAAB6E973}.Release|x64.ActiveCfg = Release|iPhoneSimulator
		{810E407E-D078-4ECF-A7B5-F50BAAB6E973}.Release|x64.Build.0 = Release|iPhoneSimulator
		{810E407E-D078-4ECF-A7B5-F50BAAB6E973}.Release|x64.Deploy.0 = Release|iPhoneSimulator
		{810E407E-D078-4ECF-A7B5-F50BAAB6E973}.Release|x86.ActiveCfg = Release|iPhoneSimulator
		{810E407E-D078-4ECF-A7B5-F50BAAB6E973}.Release|x86.Build.0 = Release|iPhoneSimulator
		{810E407E-D078-4ECF-A7B5-F50BAAB6E973}.Release|x86.Deploy.0 = Release|iPhoneSimulator
		{F158B948-E3AC-4742-B4F6-B6B5081B7B6F}.Debug|Any CPU.ActiveCfg = Debug|Any CPU
		{F158B948-E3AC-4742-B4F6-B6B5081B7B6F}.Debug|Any CPU.Build.0 = Debug|Any CPU
		{F158B948-E3AC-4742-B4F6-B6B5081B7B6F}.Debug|Any CPU.Deploy.0 = Debug|Any CPU
		{F158B948-E3AC-4742-B4F6-B6B5081B7B6F}.Debug|ARM.ActiveCfg = Debug|Any CPU
		{F158B948-E3AC-4742-B4F6-B6B5081B7B6F}.Debug|ARM.Build.0 = Debug|Any CPU
		{F158B948-E3AC-4742-B4F6-B6B5081B7B6F}.Debug|ARM.Deploy.0 = Debug|Any CPU
		{F158B948-E3AC-4742-B4F6-B6B5081B7B6F}.Debug|iPhone.ActiveCfg = Debug|Any CPU
		{F158B948-E3AC-4742-B4F6-B6B5081B7B6F}.Debug|iPhone.Build.0 = Debug|Any CPU
		{F158B948-E3AC-4742-B4F6-B6B5081B7B6F}.Debug|iPhone.Deploy.0 = Debug|Any CPU
		{F158B948-E3AC-4742-B4F6-B6B5081B7B6F}.Debug|iPhoneSimulator.ActiveCfg = Debug|Any CPU
		{F158B948-E3AC-4742-B4F6-B6B5081B7B6F}.Debug|iPhoneSimulator.Build.0 = Debug|Any CPU
		{F158B948-E3AC-4742-B4F6-B6B5081B7B6F}.Debug|iPhoneSimulator.Deploy.0 = Debug|Any CPU
		{F158B948-E3AC-4742-B4F6-B6B5081B7B6F}.Debug|x64.ActiveCfg = Debug|Any CPU
		{F158B948-E3AC-4742-B4F6-B6B5081B7B6F}.Debug|x64.Build.0 = Debug|Any CPU
		{F158B948-E3AC-4742-B4F6-B6B5081B7B6F}.Debug|x64.Deploy.0 = Debug|Any CPU
		{F158B948-E3AC-4742-B4F6-B6B5081B7B6F}.Debug|x86.ActiveCfg = Debug|Any CPU
		{F158B948-E3AC-4742-B4F6-B6B5081B7B6F}.Debug|x86.Build.0 = Debug|Any CPU
		{F158B948-E3AC-4742-B4F6-B6B5081B7B6F}.Debug|x86.Deploy.0 = Debug|Any CPU
		{F158B948-E3AC-4742-B4F6-B6B5081B7B6F}.Release|Any CPU.ActiveCfg = Release|Any CPU
		{F158B948-E3AC-4742-B4F6-B6B5081B7B6F}.Release|Any CPU.Build.0 = Release|Any CPU
		{F158B948-E3AC-4742-B4F6-B6B5081B7B6F}.Release|Any CPU.Deploy.0 = Release|Any CPU
		{F158B948-E3AC-4742-B4F6-B6B5081B7B6F}.Release|ARM.ActiveCfg = Release|Any CPU
		{F158B948-E3AC-4742-B4F6-B6B5081B7B6F}.Release|ARM.Build.0 = Release|Any CPU
		{F158B948-E3AC-4742-B4F6-B6B5081B7B6F}.Release|ARM.Deploy.0 = Release|Any CPU
		{F158B948-E3AC-4742-B4F6-B6B5081B7B6F}.Release|iPhone.ActiveCfg = Release|Any CPU
		{F158B948-E3AC-4742-B4F6-B6B5081B7B6F}.Release|iPhone.Build.0 = Release|Any CPU
		{F158B948-E3AC-4742-B4F6-B6B5081B7B6F}.Release|iPhone.Deploy.0 = Release|Any CPU
		{F158B948-E3AC-4742-B4F6-B6B5081B7B6F}.Release|iPhoneSimulator.ActiveCfg = Release|Any CPU
		{F158B948-E3AC-4742-B4F6-B6B5081B7B6F}.Release|iPhoneSimulator.Build.0 = Release|Any CPU
		{F158B948-E3AC-4742-B4F6-B6B5081B7B6F}.Release|iPhoneSimulator.Deploy.0 = Release|Any CPU
		{F158B948-E3AC-4742-B4F6-B6B5081B7B6F}.Release|x64.ActiveCfg = Release|Any CPU
		{F158B948-E3AC-4742-B4F6-B6B5081B7B6F}.Release|x64.Build.0 = Release|Any CPU
		{F158B948-E3AC-4742-B4F6-B6B5081B7B6F}.Release|x64.Deploy.0 = Release|Any CPU
		{F158B948-E3AC-4742-B4F6-B6B5081B7B6F}.Release|x86.ActiveCfg = Release|Any CPU
		{F158B948-E3AC-4742-B4F6-B6B5081B7B6F}.Release|x86.Build.0 = Release|Any CPU
		{F158B948-E3AC-4742-B4F6-B6B5081B7B6F}.Release|x86.Deploy.0 = Release|Any CPU
	EndGlobalSection
	GlobalSection(SolutionProperties) = preSolution
		HideSolutionNode = FALSE
	EndGlobalSection
	GlobalSection(ExtensibilityGlobals) = postSolution
		SolutionGuid = {84FAD0C7-B44F-4EF7-B09A-E82B78A401E3}
	EndGlobalSection
EndGlobal
